
Microsoft Visual Studio Solution File, Format Version 12.00
# Visual Studio Version 16
VisualStudioVersion = 16.0.30621.155
MinimumVisualStudioVersion = 10.0.40219.1
Project("{FAE04EC0-301F-11D3-BF4B-00C04F79EFBC}") = "ECommerce", "ECommerce\ECommerce.csproj", "{AC9C2AAA-A955-4BBE-A832-05ED8EDF4F86}"
EndProject
Global
	GlobalSection(SolutionConfigurationPlatforms) = preSolution
		Debug|Any CPU = Debug|Any CPU
		Release|Any CPU = Release|Any CPU
	EndGlobalSection
	GlobalSection(ProjectConfigurationPlatforms) = postSolution
		{AC9C2AAA-A955-4BBE-A832-05ED8EDF4F86}.Debug|Any CPU.ActiveCfg = Debug|Any CPU
		{AC9C2AAA-A955-4BBE-A832-05ED8EDF4F86}.Debug|Any CPU.Build.0 = Debug|Any CPU
		{AC9C2AAA-A955-4BBE-A832-05ED8EDF4F86}.Release|Any CPU.ActiveCfg = Release|Any CPU
		{AC9C2AAA-A955-4BBE-A832-05ED8EDF4F86}.Release|Any CPU.Build.0 = Release|Any CPU
	EndGlobalSection
	GlobalSection(SolutionProperties) = preSolution
		HideSolutionNode = FALSE
	EndGlobalSection
	GlobalSection(ExtensibilityGlobals) = postSolution
		SolutionGuid = {CF47ECAD-F6B6-42B2-81CF-218347D87BD7}
	EndGlobalSection
EndGlobal
